
Microsoft Visual Studio Solution File, Format Version 12.00
# Visual Studio Version 17
VisualStudioVersion = 17.13.35913.81
MinimumVisualStudioVersion = 10.0.40219.1
Project("{8BC9CEB8-8B4A-11D0-8D11-00A0C91BC942}") = "MainTask01", "MainTask01\MainTask01.vcxproj", "{09CFC7CD-8C28-4B17-B101-48869F2AF447}"
EndProject
Project("{8BC9CEB8-8B4A-11D0-8D11-00A0C91BC942}") = "MainTask02", "MainTask02\MainTask02.vcxproj", "{8305BC86-C305-4BB3-9C1E-012F1DA3248A}"
EndProject
Project("{8BC9CEB8-8B4A-11D0-8D11-00A0C91BC942}") = "MainTask03", "MainTask03\MainTask03.vcxproj", "{97B8B1C0-152E-424A-8CF1-D15A7C4FA6E4}"
EndProject
Global
	GlobalSection(SolutionConfigurationPlatforms) = preSolution
		Debug|x64 = Debug|x64
		Debug|x86 = Debug|x86
		Release|x64 = Release|x64
		Release|x86 = Release|x86
	EndGlobalSection
	GlobalSection(ProjectConfigurationPlatforms) = postSolution
		{09CFC7CD-8C28-4B17-B101-48869F2AF447}.Debug|x64.ActiveCfg = Debug|x64
		{09CFC7CD-8C28-4B17-B101-48869F2AF447}.Debug|x64.Build.0 = Debug|x64
		{09CFC7CD-8C28-4B17-B101-48869F2AF447}.Debug|x86.ActiveCfg = Debug|Win32
		{09CFC7CD-8C28-4B17-B101-48869F2AF447}.Debug|x86.Build.0 = Debug|Win32
		{09CFC7CD-8C28-4B17-B101-48869F2AF447}.Release|x64.ActiveCfg = Release|x64
		{09CFC7CD-8C28-4B17-B101-48869F2AF447}.Release|x64.Build.0 = Release|x64
		{09CFC7CD-8C28-4B17-B101-48869F2AF447}.Release|x86.ActiveCfg = Release|Win32
		{09CFC7CD-8C28-4B17-B101-48869F2AF447}.Release|x86.Build.0 = Release|Win32
		{8305BC86-C305-4BB3-9C1E-012F1DA3248A}.Debug|x64.ActiveCfg = Debug|x64
		{8305BC86-C305-4BB3-9C1E-012F1DA3248A}.Debug|x64.Build.0 = Debug|x64
		{8305BC86-C305-4BB3-9C1E-012F1DA3248A}.Debug|x86.ActiveCfg = Debug|Win32
		{8305BC86-C305-4BB3-9C1E-012F1DA3248A}.Debug|x86.Build.0 = Debug|Win32
		{8305BC86-C305-4BB3-9C1E-012F1DA3248A}.Release|x64.ActiveCfg = Release|x64
		{8305BC86-C305-4BB3-9C1E-012F1DA3248A}.Release|x64.Build.0 = Release|x64
		{8305BC86-C305-4BB3-9C1E-012F1DA3248A}.Release|x86.ActiveCfg = Release|Win32
		{8305BC86-C305-4BB3-9C1E-012F1DA3248A}.Release|x86.Build.0 = Release|Win32
		{97B8B1C0-152E-424A-8CF1-D15A7C4FA6E4}.Debug|x64.ActiveCfg = Debug|x64
		{97B8B1C0-152E-424A-8CF1-D15A7C4FA6E4}.Debug|x64.Build.0 = Debug|x64
		{97B8B1C0-152E-424A-8CF1-D15A7C4FA6E4}.Debug|x86.ActiveCfg = Debug|Win32
		{97B8B1C0-152E-424A-8CF1-D15A7C4FA6E4}.Debug|x86.Build.0 = Debug|Win32
		{97B8B1C0-152E-424A-8CF1-D15A7C4FA6E4}.Release|x64.ActiveCfg = Release|x64
		{97B8B1C0-152E-424A-8CF1-D15A7C4FA6E4}.Release|x64.Build.0 = Release|x64
		{97B8B1C0-152E-424A-8CF1-D15A7C4FA6E4}.Release|x86.ActiveCfg = Release|Win32
		{97B8B1C0-152E-424A-8CF1-D15A7C4FA6E4}.Release|x86.Build.0 = Release|Win32
	EndGlobalSection
	GlobalSection(SolutionProperties) = preSolution
		HideSolutionNode = FALSE
	EndGlobalSection
	GlobalSection(ExtensibilityGlobals) = postSolution
		SolutionGuid = {FCE9BFCD-19FE-44CF-A693-738B5083600A}
	EndGlobalSection
EndGlobal
